
Microsoft Visual Studio Solution File, Format Version 12.00
# Visual Studio Version 17
VisualStudioVersion = 17.9.34728.123
MinimumVisualStudioVersion = 10.0.40219.1
Project("{2150E333-8FDC-42A3-9474-1A3956D46DE8}") = "src", "src", "{79CB4D67-86A8-4B1D-B12C-1C1D13391850}"
EndProject
Project("{2150E333-8FDC-42A3-9474-1A3956D46DE8}") = "tests", "tests", "{F59F24A7-F3C4-4B09-98DC-62B1D45757EB}"
EndProject
Project("{FAE04EC0-301F-11D3-BF4B-00C04F79EFBC}") = "CashFlow.Api", "src\CashFlow.Api\CashFlow.Api.csproj", "{F7C0C39C-979C-4F17-8D31-D9D9C5BC0A3D}"
EndProject
Project("{FAE04EC0-301F-11D3-BF4B-00C04F79EFBC}") = "CashFlow.Domain", "src\CashFlow.Domain\CashFlow.Domain.csproj", "{F2EF9A8C-8C69-44A2-AFE4-7ACC0E81CCF6}"
EndProject
Project("{FAE04EC0-301F-11D3-BF4B-00C04F79EFBC}") = "CashFlow.Application", "src\CashFlow.Application\CashFlow.Application.csproj", "{9E6C5D3E-7001-4A07-BCD6-E590809A5D5A}"
EndProject
Project("{FAE04EC0-301F-11D3-BF4B-00C04F79EFBC}") = "CashFlow.Communication", "src\CashFlow.Communication\CashFlow.Communication.csproj", "{8B866189-4C5E-40A0-BFE8-67A4DF310B90}"
EndProject
Project("{FAE04EC0-301F-11D3-BF4B-00C04F79EFBC}") = "CashFlow.Exception", "CashFlow.Exception\CashFlow.Exception.csproj", "{A655D0E4-21CE-48EB-AD9C-9D2C8BC36D4B}"
EndProject
Project("{FAE04EC0-301F-11D3-BF4B-00C04F79EFBC}") = "CashFlow.Infra", "src\CashFlow.Infra\CashFlow.Infra.csproj", "{846404F2-41CE-4A74-BEFF-B0BF0C8C95FB}"
EndProject
Global
	GlobalSection(SolutionConfigurationPlatforms) = preSolution
		Debug|Any CPU = Debug|Any CPU
		Release|Any CPU = Release|Any CPU
	EndGlobalSection
	GlobalSection(ProjectConfigurationPlatforms) = postSolution
		{F7C0C39C-979C-4F17-8D31-D9D9C5BC0A3D}.Debug|Any CPU.ActiveCfg = Debug|Any CPU
		{F7C0C39C-979C-4F17-8D31-D9D9C5BC0A3D}.Debug|Any CPU.Build.0 = Debug|Any CPU
		{F7C0C39C-979C-4F17-8D31-D9D9C5BC0A3D}.Release|Any CPU.ActiveCfg = Release|Any CPU
		{F7C0C39C-979C-4F17-8D31-D9D9C5BC0A3D}.Release|Any CPU.Build.0 = Release|Any CPU
		{F2EF9A8C-8C69-44A2-AFE4-7ACC0E81CCF6}.Debug|Any CPU.ActiveCfg = Debug|Any CPU
		{F2EF9A8C-8C69-44A2-AFE4-7ACC0E81CCF6}.Debug|Any CPU.Build.0 = Debug|Any CPU
		{F2EF9A8C-8C69-44A2-AFE4-7ACC0E81CCF6}.Release|Any CPU.ActiveCfg = Release|Any CPU
		{F2EF9A8C-8C69-44A2-AFE4-7ACC0E81CCF6}.Release|Any CPU.Build.0 = Release|Any CPU
		{9E6C5D3E-7001-4A07-BCD6-E590809A5D5A}.Debug|Any CPU.ActiveCfg = Debug|Any CPU
		{9E6C5D3E-7001-4A07-BCD6-E590809A5D5A}.Debug|Any CPU.Build.0 = Debug|Any CPU
		{9E6C5D3E-7001-4A07-BCD6-E590809A5D5A}.Release|Any CPU.ActiveCfg = Release|Any CPU
		{9E6C5D3E-7001-4A07-BCD6-E590809A5D5A}.Release|Any CPU.Build.0 = Release|Any CPU
		{8B866189-4C5E-40A0-BFE8-67A4DF310B90}.Debug|Any CPU.ActiveCfg = Debug|Any CPU
		{8B866189-4C5E-40A0-BFE8-67A4DF310B90}.Debug|Any CPU.Build.0 = Debug|Any CPU
		{8B866189-4C5E-40A0-BFE8-67A4DF310B90}.Release|Any CPU.ActiveCfg = Release|Any CPU
		{8B866189-4C5E-40A0-BFE8-67A4DF310B90}.Release|Any CPU.Build.0 = Release|Any CPU
		{A655D0E4-21CE-48EB-AD9C-9D2C8BC36D4B}.Debug|Any CPU.ActiveCfg = Debug|Any CPU
		{A655D0E4-21CE-48EB-AD9C-9D2C8BC36D4B}.Debug|Any CPU.Build.0 = Debug|Any CPU
		{A655D0E4-21CE-48EB-AD9C-9D2C8BC36D4B}.Release|Any CPU.ActiveCfg = Release|Any CPU
		{A655D0E4-21CE-48EB-AD9C-9D2C8BC36D4B}.Release|Any CPU.Build.0 = Release|Any CPU
		{846404F2-41CE-4A74-BEFF-B0BF0C8C95FB}.Debug|Any CPU.ActiveCfg = Debug|Any CPU
		{846404F2-41CE-4A74-BEFF-B0BF0C8C95FB}.Debug|Any CPU.Build.0 = Debug|Any CPU
		{846404F2-41CE-4A74-BEFF-B0BF0C8C95FB}.Release|Any CPU.ActiveCfg = Release|Any CPU
		{846404F2-41CE-4A74-BEFF-B0BF0C8C95FB}.Release|Any CPU.Build.0 = Release|Any CPU
	EndGlobalSection
	GlobalSection(SolutionProperties) = preSolution
		HideSolutionNode = FALSE
	EndGlobalSection
	GlobalSection(NestedProjects) = preSolution
		{F7C0C39C-979C-4F17-8D31-D9D9C5BC0A3D} = {79CB4D67-86A8-4B1D-B12C-1C1D13391850}
		{F2EF9A8C-8C69-44A2-AFE4-7ACC0E81CCF6} = {79CB4D67-86A8-4B1D-B12C-1C1D13391850}
		{9E6C5D3E-7001-4A07-BCD6-E590809A5D5A} = {79CB4D67-86A8-4B1D-B12C-1C1D13391850}
		{8B866189-4C5E-40A0-BFE8-67A4DF310B90} = {79CB4D67-86A8-4B1D-B12C-1C1D13391850}
		{A655D0E4-21CE-48EB-AD9C-9D2C8BC36D4B} = {79CB4D67-86A8-4B1D-B12C-1C1D13391850}
		{846404F2-41CE-4A74-BEFF-B0BF0C8C95FB} = {79CB4D67-86A8-4B1D-B12C-1C1D13391850}
	EndGlobalSection
	GlobalSection(ExtensibilityGlobals) = postSolution
		SolutionGuid = {F06316FF-F8F3-4265-8EFF-500DBE598E78}
	EndGlobalSection
EndGlobal
